
Microsoft Visual Studio Solution File, Format Version 12.00
# Visual Studio Version 17
VisualStudioVersion = 17.5.33424.131
MinimumVisualStudioVersion = 10.0.40219.1
Project("{9A19103F-16F7-4668-BE54-9A1E7A4F7556}") = "Contact-Management-Web-App", "Contact-Management-Web-App.csproj", "{C57D600D-F373-4016-AD5F-D68ABBEAE947}"
EndProject
Global
	GlobalSection(SolutionConfigurationPlatforms) = preSolution
		Debug|Any CPU = Debug|Any CPU
		Release|Any CPU = Release|Any CPU
	EndGlobalSection
	GlobalSection(ProjectConfigurationPlatforms) = postSolution
		{C57D600D-F373-4016-AD5F-D68ABBEAE947}.Debug|Any CPU.ActiveCfg = Debug|Any CPU
		{C57D600D-F373-4016-AD5F-D68ABBEAE947}.Debug|Any CPU.Build.0 = Debug|Any CPU
		{C57D600D-F373-4016-AD5F-D68ABBEAE947}.Release|Any CPU.ActiveCfg = Release|Any CPU
		{C57D600D-F373-4016-AD5F-D68ABBEAE947}.Release|Any CPU.Build.0 = Release|Any CPU
	EndGlobalSection
	GlobalSection(SolutionProperties) = preSolution
		HideSolutionNode = FALSE
	EndGlobalSection
	GlobalSection(ExtensibilityGlobals) = postSolution
		SolutionGuid = {F5D64712-C5CD-44FC-A45A-F2C8CFFCC1F3}
	EndGlobalSection
EndGlobal
